{
  "name": "edudao",
  "version": "1.0.0",
  "lockfileVersion": 2,
  "requires": true,
  "packages": {
    "": {
      "name": "edudao",
      "version": "1.0.0",
      "license": "ISC",
      "dependencies": {
        "@openzeppelin/contracts": "^4.7.3",
        "tribute-contracts": "^2.6.3"
      }
    },
    "node_modules/@openzeppelin/contracts": {
      "version": "4.7.3",
      "resolved": "https://registry.npmjs.org/@openzeppelin/contracts/-/contracts-4.7.3.tgz",
      "integrity": "sha512-dGRS0agJzu8ybo44pCIf3xBaPQN/65AIXNgK8+4gzKd5kbvlqyxryUYVLJv7fK98Seyd2hDZzVEHSWAh0Bt1Yw=="
    },
    "node_modules/tribute-contracts": {
      "version": "2.6.3",
      "resolved": "https://registry.npmjs.org/tribute-contracts/-/tribute-contracts-2.6.3.tgz",
      "integrity": "sha512-/MstdpYODkPSjo/VA1NVEMT4CDyiG19++n7HdTzRUDoRAlj02JBi7swCP58P0BnnLnubAWEyZqbY4sX2gjAlyQ==",
      "engines": {
        "node": ">=16.0.0 <17.0.0",
        "npm": ">=7.0.0 <9.0.0"
      }
    }
  },
  "dependencies": {
    "@openzeppelin/contracts": {
      "version": "4.7.3",
      "resolved": "https://registry.npmjs.org/@openzeppelin/contracts/-/contracts-4.7.3.tgz",
      "integrity": "sha512-dGRS0agJzu8ybo44pCIf3xBaPQN/65AIXNgK8+4gzKd5kbvlqyxryUYVLJv7fK98Seyd2hDZzVEHSWAh0Bt1Yw=="
    },
    "tribute-contracts": {
      "version": "2.6.3",
      "resolved": "https://registry.npmjs.org/tribute-contracts/-/tribute-contracts-2.6.3.tgz",
      "integrity": "sha512-/MstdpYODkPSjo/VA1NVEMT4CDyiG19++n7HdTzRUDoRAlj02JBi7swCP58P0BnnLnubAWEyZqbY4sX2gjAlyQ=="
    }
  }
}
